
Microsoft Visual Studio Solution File, Format Version 12.00
# Visual Studio Version 17
VisualStudioVersion = 17.6.33815.320
MinimumVisualStudioVersion = 10.0.40219.1
Project("{FAE04EC0-301F-11D3-BF4B-00C04F79EFBC}") = "Sudoku", "Sudoku\Sudoku.csproj", "{A55879A9-0610-435B-98A8-7E85B9DEA8E6}"
EndProject
Global
	GlobalSection(SolutionConfigurationPlatforms) = preSolution
		Debug|Any CPU = Debug|Any CPU
		Release|Any CPU = Release|Any CPU
	EndGlobalSection
	GlobalSection(ProjectConfigurationPlatforms) = postSolution
		{A55879A9-0610-435B-98A8-7E85B9DEA8E6}.Debug|Any CPU.ActiveCfg = Debug|Any CPU
		{A55879A9-0610-435B-98A8-7E85B9DEA8E6}.Debug|Any CPU.Build.0 = Debug|Any CPU
		{A55879A9-0610-435B-98A8-7E85B9DEA8E6}.Release|Any CPU.ActiveCfg = Release|Any CPU
		{A55879A9-0610-435B-98A8-7E85B9DEA8E6}.Release|Any CPU.Build.0 = Release|Any CPU
	EndGlobalSection
	GlobalSection(SolutionProperties) = preSolution
		HideSolutionNode = FALSE
	EndGlobalSection
	GlobalSection(ExtensibilityGlobals) = postSolution
		SolutionGuid = {E5A40882-2D37-4DC3-8A09-EB1E0067F66C}
	EndGlobalSection
EndGlobal
